
Microsoft Visual Studio Solution File, Format Version 12.00
# Visual Studio Version 17
VisualStudioVersion = 17.9.34701.34
MinimumVisualStudioVersion = 10.0.40219.1
Project("{FAE04EC0-301F-11D3-BF4B-00C04F79EFBC}") = "pract6", "pract6\pract6.csproj", "{0CF50897-19A8-4921-AF68-9DC5347C59F0}"
EndProject
Global
	GlobalSection(SolutionConfigurationPlatforms) = preSolution
		Debug|Any CPU = Debug|Any CPU
		Release|Any CPU = Release|Any CPU
	EndGlobalSection
	GlobalSection(ProjectConfigurationPlatforms) = postSolution
		{0CF50897-19A8-4921-AF68-9DC5347C59F0}.Debug|Any CPU.ActiveCfg = Debug|Any CPU
		{0CF50897-19A8-4921-AF68-9DC5347C59F0}.Debug|Any CPU.Build.0 = Debug|Any CPU
		{0CF50897-19A8-4921-AF68-9DC5347C59F0}.Debug|Any CPU.Deploy.0 = Debug|Any CPU
		{0CF50897-19A8-4921-AF68-9DC5347C59F0}.Release|Any CPU.ActiveCfg = Release|Any CPU
		{0CF50897-19A8-4921-AF68-9DC5347C59F0}.Release|Any CPU.Build.0 = Release|Any CPU
		{0CF50897-19A8-4921-AF68-9DC5347C59F0}.Release|Any CPU.Deploy.0 = Release|Any CPU
	EndGlobalSection
	GlobalSection(SolutionProperties) = preSolution
		HideSolutionNode = FALSE
	EndGlobalSection
	GlobalSection(ExtensibilityGlobals) = postSolution
		SolutionGuid = {6E03B2C6-4E88-4F16-B405-F53B61D00CAC}
	EndGlobalSection
EndGlobal
